
Microsoft Visual Studio Solution File, Format Version 12.00
# Visual Studio Version 17
VisualStudioVersion = 17.7.34031.279
MinimumVisualStudioVersion = 10.0.40219.1
Project("{8BC9CEB8-8B4A-11D0-8D11-00A0C91BC942}") = "Стр", "Стр\Стр.vcxproj", "{F8AFB32B-9745-42DD-B663-FF6F8BC83F6D}"
EndProject
Project("{8BC9CEB8-8B4A-11D0-8D11-00A0C91BC942}") = "2", "2\2.vcxproj", "{E1863112-923C-479F-BD96-BE3F70435917}"
EndProject
Project("{8BC9CEB8-8B4A-11D0-8D11-00A0C91BC942}") = "3", "3\3.vcxproj", "{80F8ADC0-C923-40BB-BEB2-EF8F5A48CCF9}"
EndProject
Project("{8BC9CEB8-8B4A-11D0-8D11-00A0C91BC942}") = "4", "4\4.vcxproj", "{8DDA77DF-F10B-4F25-8653-5050EA63C484}"
EndProject
Project("{8BC9CEB8-8B4A-11D0-8D11-00A0C91BC942}") = "5", "ConsoleApplication1\ConsoleApplication1.vcxproj", "{727713F5-F8F7-42D6-B8E0-9889FEE95388}"
EndProject
Project("{8BC9CEB8-8B4A-11D0-8D11-00A0C91BC942}") = "6", "6\6.vcxproj", "{56015AEF-1A74-4981-A6D9-83F3DBAED49E}"
EndProject
Project("{8BC9CEB8-8B4A-11D0-8D11-00A0C91BC942}") = "7.2", "7.2\7.2.vcxproj", "{4FBF8D89-0747-48F7-9ED3-CB41094FE462}"
EndProject
Project("{8BC9CEB8-8B4A-11D0-8D11-00A0C91BC942}") = "8", "8\8.vcxproj", "{B1D94401-16F2-47F7-B736-D3A4660D33F7}"
EndProject
Project("{8BC9CEB8-8B4A-11D0-8D11-00A0C91BC942}") = "9", "9\9.vcxproj", "{6081F293-FB1D-4AFF-878D-DF8731A9AD96}"
EndProject
Project("{8BC9CEB8-8B4A-11D0-8D11-00A0C91BC942}") = "10", "10\10.vcxproj", "{FADEF96B-B97D-4614-B311-74A6A0990719}"
EndProject
Project("{8BC9CEB8-8B4A-11D0-8D11-00A0C91BC942}") = "11", "11\11.vcxproj", "{16C92212-B501-41B2-A338-9595B715517E}"
EndProject
Project("{8BC9CEB8-8B4A-11D0-8D11-00A0C91BC942}") = "12", "12\12.vcxproj", "{FA573C07-396B-46B5-BE89-EB719FFFA3D8}"
EndProject
Global
	GlobalSection(SolutionConfigurationPlatforms) = preSolution
		Debug|x64 = Debug|x64
		Debug|x86 = Debug|x86
		Release|x64 = Release|x64
		Release|x86 = Release|x86
	EndGlobalSection
	GlobalSection(ProjectConfigurationPlatforms) = postSolution
		{F8AFB32B-9745-42DD-B663-FF6F8BC83F6D}.Debug|x64.ActiveCfg = Debug|x64
		{F8AFB32B-9745-42DD-B663-FF6F8BC83F6D}.Debug|x64.Build.0 = Debug|x64
		{F8AFB32B-9745-42DD-B663-FF6F8BC83F6D}.Debug|x86.ActiveCfg = Debug|Win32
		{F8AFB32B-9745-42DD-B663-FF6F8BC83F6D}.Debug|x86.Build.0 = Debug|Win32
		{F8AFB32B-9745-42DD-B663-FF6F8BC83F6D}.Release|x64.ActiveCfg = Release|x64
		{F8AFB32B-9745-42DD-B663-FF6F8BC83F6D}.Release|x64.Build.0 = Release|x64
		{F8AFB32B-9745-42DD-B663-FF6F8BC83F6D}.Release|x86.ActiveCfg = Release|Win32
		{F8AFB32B-9745-42DD-B663-FF6F8BC83F6D}.Release|x86.Build.0 = Release|Win32
		{E1863112-923C-479F-BD96-BE3F70435917}.Debug|x64.ActiveCfg = Debug|x64
		{E1863112-923C-479F-BD96-BE3F70435917}.Debug|x64.Build.0 = Debug|x64
		{E1863112-923C-479F-BD96-BE3F70435917}.Debug|x86.ActiveCfg = Debug|Win32
		{E1863112-923C-479F-BD96-BE3F70435917}.Debug|x86.Build.0 = Debug|Win32
		{E1863112-923C-479F-BD96-BE3F70435917}.Release|x64.ActiveCfg = Release|x64
		{E1863112-923C-479F-BD96-BE3F70435917}.Release|x64.Build.0 = Release|x64
		{E1863112-923C-479F-BD96-BE3F70435917}.Release|x86.ActiveCfg = Release|Win32
		{E1863112-923C-479F-BD96-BE3F70435917}.Release|x86.Build.0 = Release|Win32
		{80F8ADC0-C923-40BB-BEB2-EF8F5A48CCF9}.Debug|x64.ActiveCfg = Debug|x64
		{80F8ADC0-C923-40BB-BEB2-EF8F5A48CCF9}.Debug|x64.Build.0 = Debug|x64
		{80F8ADC0-C923-40BB-BEB2-EF8F5A48CCF9}.Debug|x86.ActiveCfg = Debug|Win32
		{80F8ADC0-C923-40BB-BEB2-EF8F5A48CCF9}.Debug|x86.Build.0 = Debug|Win32
		{80F8ADC0-C923-40BB-BEB2-EF8F5A48CCF9}.Release|x64.ActiveCfg = Release|x64
		{80F8ADC0-C923-40BB-BEB2-EF8F5A48CCF9}.Release|x64.Build.0 = Release|x64
		{80F8ADC0-C923-40BB-BEB2-EF8F5A48CCF9}.Release|x86.ActiveCfg = Release|Win32
		{80F8ADC0-C923-40BB-BEB2-EF8F5A48CCF9}.Release|x86.Build.0 = Release|Win32
		{8DDA77DF-F10B-4F25-8653-5050EA63C484}.Debug|x64.ActiveCfg = Debug|x64
		{8DDA77DF-F10B-4F25-8653-5050EA63C484}.Debug|x64.Build.0 = Debug|x64
		{8DDA77DF-F10B-4F25-8653-5050EA63C484}.Debug|x86.ActiveCfg = Debug|Win32
		{8DDA77DF-F10B-4F25-8653-5050EA63C484}.Debug|x86.Build.0 = Debug|Win32
		{8DDA77DF-F10B-4F25-8653-5050EA63C484}.Release|x64.ActiveCfg = Release|x64
		{8DDA77DF-F10B-4F25-8653-5050EA63C484}.Release|x64.Build.0 = Release|x64
		{8DDA77DF-F10B-4F25-8653-5050EA63C484}.Release|x86.ActiveCfg = Release|Win32
		{8DDA77DF-F10B-4F25-8653-5050EA63C484}.Release|x86.Build.0 = Release|Win32
		{727713F5-F8F7-42D6-B8E0-9889FEE95388}.Debug|x64.ActiveCfg = Debug|x64
		{727713F5-F8F7-42D6-B8E0-9889FEE95388}.Debug|x64.Build.0 = Debug|x64
		{727713F5-F8F7-42D6-B8E0-9889FEE95388}.Debug|x86.ActiveCfg = Debug|Win32
		{727713F5-F8F7-42D6-B8E0-9889FEE95388}.Debug|x86.Build.0 = Debug|Win32
		{727713F5-F8F7-42D6-B8E0-9889FEE95388}.Release|x64.ActiveCfg = Release|x64
		{727713F5-F8F7-42D6-B8E0-9889FEE95388}.Release|x64.Build.0 = Release|x64
		{727713F5-F8F7-42D6-B8E0-9889FEE95388}.Release|x86.ActiveCfg = Release|Win32
		{727713F5-F8F7-42D6-B8E0-9889FEE95388}.Release|x86.Build.0 = Release|Win32
		{56015AEF-1A74-4981-A6D9-83F3DBAED49E}.Debug|x64.ActiveCfg = Debug|x64
		{56015AEF-1A74-4981-A6D9-83F3DBAED49E}.Debug|x64.Build.0 = Debug|x64
		{56015AEF-1A74-4981-A6D9-83F3DBAED49E}.Debug|x86.ActiveCfg = Debug|Win32
		{56015AEF-1A74-4981-A6D9-83F3DBAED49E}.Debug|x86.Build.0 = Debug|Win32
		{56015AEF-1A74-4981-A6D9-83F3DBAED49E}.Release|x64.ActiveCfg = Release|x64
		{56015AEF-1A74-4981-A6D9-83F3DBAED49E}.Release|x64.Build.0 = Release|x64
		{56015AEF-1A74-4981-A6D9-83F3DBAED49E}.Release|x86.ActiveCfg = Release|Win32
		{56015AEF-1A74-4981-A6D9-83F3DBAED49E}.Release|x86.Build.0 = Release|Win32
		{4FBF8D89-0747-48F7-9ED3-CB41094FE462}.Debug|x64.ActiveCfg = Debug|x64
		{4FBF8D89-0747-48F7-9ED3-CB41094FE462}.Debug|x64.Build.0 = Debug|x64
		{4FBF8D89-0747-48F7-9ED3-CB41094FE462}.Debug|x86.ActiveCfg = Debug|Win32
		{4FBF8D89-0747-48F7-9ED3-CB41094FE462}.Debug|x86.Build.0 = Debug|Win32
		{4FBF8D89-0747-48F7-9ED3-CB41094FE462}.Release|x64.ActiveCfg = Release|x64
		{4FBF8D89-0747-48F7-9ED3-CB41094FE462}.Release|x64.Build.0 = Release|x64
		{4FBF8D89-0747-48F7-9ED3-CB41094FE462}.Release|x86.ActiveCfg = Release|Win32
		{4FBF8D89-0747-48F7-9ED3-CB41094FE462}.Release|x86.Build.0 = Release|Win32
		{B1D94401-16F2-47F7-B736-D3A4660D33F7}.Debug|x64.ActiveCfg = Debug|x64
		{B1D94401-16F2-47F7-B736-D3A4660D33F7}.Debug|x64.Build.0 = Debug|x64
		{B1D94401-16F2-47F7-B736-D3A4660D33F7}.Debug|x86.ActiveCfg = Debug|Win32
		{B1D94401-16F2-47F7-B736-D3A4660D33F7}.Debug|x86.Build.0 = Debug|Win32
		{B1D94401-16F2-47F7-B736-D3A4660D33F7}.Release|x64.ActiveCfg = Release|x64
		{B1D94401-16F2-47F7-B736-D3A4660D33F7}.Release|x64.Build.0 = Release|x64
		{B1D94401-16F2-47F7-B736-D3A4660D33F7}.Release|x86.ActiveCfg = Release|Win32
		{B1D94401-16F2-47F7-B736-D3A4660D33F7}.Release|x86.Build.0 = Release|Win32
		{6081F293-FB1D-4AFF-878D-DF8731A9AD96}.Debug|x64.ActiveCfg = Debug|x64
		{6081F293-FB1D-4AFF-878D-DF8731A9AD96}.Debug|x64.Build.0 = Debug|x64
		{6081F293-FB1D-4AFF-878D-DF8731A9AD96}.Debug|x86.ActiveCfg = Debug|Win32
		{6081F293-FB1D-4AFF-878D-DF8731A9AD96}.Debug|x86.Build.0 = Debug|Win32
		{6081F293-FB1D-4AFF-878D-DF8731A9AD96}.Release|x64.ActiveCfg = Release|x64
		{6081F293-FB1D-4AFF-878D-DF8731A9AD96}.Release|x64.Build.0 = Release|x64
		{6081F293-FB1D-4AFF-878D-DF8731A9AD96}.Release|x86.ActiveCfg = Release|Win32
		{6081F293-FB1D-4AFF-878D-DF8731A9AD96}.Release|x86.Build.0 = Release|Win32
		{FADEF96B-B97D-4614-B311-74A6A0990719}.Debug|x64.ActiveCfg = Debug|x64
		{FADEF96B-B97D-4614-B311-74A6A0990719}.Debug|x64.Build.0 = Debug|x64
		{FADEF96B-B97D-4614-B311-74A6A0990719}.Debug|x86.ActiveCfg = Debug|Win32
		{FADEF96B-B97D-4614-B311-74A6A0990719}.Debug|x86.Build.0 = Debug|Win32
		{FADEF96B-B97D-4614-B311-74A6A0990719}.Release|x64.ActiveCfg = Release|x64
		{FADEF96B-B97D-4614-B311-74A6A0990719}.Release|x64.Build.0 = Release|x64
		{FADEF96B-B97D-4614-B311-74A6A0990719}.Release|x86.ActiveCfg = Release|Win32
		{FADEF96B-B97D-4614-B311-74A6A0990719}.Release|x86.Build.0 = Release|Win32
		{16C92212-B501-41B2-A338-9595B715517E}.Debug|x64.ActiveCfg = Debug|x64
		{16C92212-B501-41B2-A338-9595B715517E}.Debug|x64.Build.0 = Debug|x64
		{16C92212-B501-41B2-A338-9595B715517E}.Debug|x86.ActiveCfg = Debug|Win32
		{16C92212-B501-41B2-A338-9595B715517E}.Debug|x86.Build.0 = Debug|Win32
		{16C92212-B501-41B2-A338-9595B715517E}.Release|x64.ActiveCfg = Release|x64
		{16C92212-B501-41B2-A338-9595B715517E}.Release|x64.Build.0 = Release|x64
		{16C92212-B501-41B2-A338-9595B715517E}.Release|x86.ActiveCfg = Release|Win32
		{16C92212-B501-41B2-A338-9595B715517E}.Release|x86.Build.0 = Release|Win32
		{FA573C07-396B-46B5-BE89-EB719FFFA3D8}.Debug|x64.ActiveCfg = Debug|x64
		{FA573C07-396B-46B5-BE89-EB719FFFA3D8}.Debug|x64.Build.0 = Debug|x64
		{FA573C07-396B-46B5-BE89-EB719FFFA3D8}.Debug|x86.ActiveCfg = Debug|Win32
		{FA573C07-396B-46B5-BE89-EB719FFFA3D8}.Debug|x86.Build.0 = Debug|Win32
		{FA573C07-396B-46B5-BE89-EB719FFFA3D8}.Release|x64.ActiveCfg = Release|x64
		{FA573C07-396B-46B5-BE89-EB719FFFA3D8}.Release|x64.Build.0 = Release|x64
		{FA573C07-396B-46B5-BE89-EB719FFFA3D8}.Release|x86.ActiveCfg = Release|Win32
		{FA573C07-396B-46B5-BE89-EB719FFFA3D8}.Release|x86.Build.0 = Release|Win32
	EndGlobalSection
	GlobalSection(SolutionProperties) = preSolution
		HideSolutionNode = FALSE
	EndGlobalSection
	GlobalSection(ExtensibilityGlobals) = postSolution
		SolutionGuid = {3310A4AD-58E5-4F8C-973C-4478D73FF6F0}
	EndGlobalSection
EndGlobal
